
Microsoft Visual Studio Solution File, Format Version 12.00
# Visual Studio 15
VisualStudioVersion = 15.0.27703.2035
MinimumVisualStudioVersion = 10.0.40219.1
Project("{FAE04EC0-301F-11D3-BF4B-00C04F79EFBC}") = "NameGeneratorMobile.Android", "NameGeneratorMobile\NameGeneratorMobile.Android\NameGeneratorMobile.Android.csproj", "{F8F333B6-D4E8-48FD-A336-B086150394AA}"
EndProject
Project("{FAE04EC0-301F-11D3-BF4B-00C04F79EFBC}") = "NameGeneratorMobile.iOS", "NameGeneratorMobile\NameGeneratorMobile.iOS\NameGeneratorMobile.iOS.csproj", "{35F0B0EB-E327-430A-B569-B39B41513260}"
EndProject
Project("{FAE04EC0-301F-11D3-BF4B-00C04F79EFBC}") = "NameGeneratorMobile.UWP", "NameGeneratorMobile\NameGeneratorMobile.UWP\NameGeneratorMobile.UWP.csproj", "{328F2B4F-823F-4FA7-B6C6-0E6F0A1E3CA5}"
EndProject
Project("{FAE04EC0-301F-11D3-BF4B-00C04F79EFBC}") = "NameGeneratorMobile", "NameGeneratorMobile\NameGeneratorMobile\NameGeneratorMobile.csproj", "{DFCB9DC8-6671-40EF-8BB1-99220567A585}"
EndProject
Global
	GlobalSection(SolutionConfigurationPlatforms) = preSolution
		Ad-Hoc|Any CPU = Ad-Hoc|Any CPU
		Ad-Hoc|ARM = Ad-Hoc|ARM
		Ad-Hoc|iPhone = Ad-Hoc|iPhone
		Ad-Hoc|iPhoneSimulator = Ad-Hoc|iPhoneSimulator
		Ad-Hoc|x64 = Ad-Hoc|x64
		Ad-Hoc|x86 = Ad-Hoc|x86
		AppStore|Any CPU = AppStore|Any CPU
		AppStore|ARM = AppStore|ARM
		AppStore|iPhone = AppStore|iPhone
		AppStore|iPhoneSimulator = AppStore|iPhoneSimulator
		AppStore|x64 = AppStore|x64
		AppStore|x86 = AppStore|x86
		Debug|Any CPU = Debug|Any CPU
		Debug|ARM = Debug|ARM
		Debug|iPhone = Debug|iPhone
		Debug|iPhoneSimulator = Debug|iPhoneSimulator
		Debug|x64 = Debug|x64
		Debug|x86 = Debug|x86
		Release|Any CPU = Release|Any CPU
		Release|ARM = Release|ARM
		Release|iPhone = Release|iPhone
		Release|iPhoneSimulator = Release|iPhoneSimulator
		Release|x64 = Release|x64
		Release|x86 = Release|x86
	EndGlobalSection
	GlobalSection(ProjectConfigurationPlatforms) = postSolution
		{F8F333B6-D4E8-48FD-A336-B086150394AA}.Ad-Hoc|Any CPU.ActiveCfg = Release|Any CPU
		{F8F333B6-D4E8-48FD-A336-B086150394AA}.Ad-Hoc|Any CPU.Build.0 = Release|Any CPU
		{F8F333B6-D4E8-48FD-A336-B086150394AA}.Ad-Hoc|Any CPU.Deploy.0 = Release|Any CPU
		{F8F333B6-D4E8-48FD-A336-B086150394AA}.Ad-Hoc|ARM.ActiveCfg = Release|Any CPU
		{F8F333B6-D4E8-48FD-A336-B086150394AA}.Ad-Hoc|ARM.Build.0 = Release|Any CPU
		{F8F333B6-D4E8-48FD-A336-B086150394AA}.Ad-Hoc|ARM.Deploy.0 = Release|Any CPU
		{F8F333B6-D4E8-48FD-A336-B086150394AA}.Ad-Hoc|iPhone.ActiveCfg = Release|Any CPU
		{F8F333B6-D4E8-48FD-A336-B086150394AA}.Ad-Hoc|iPhone.Build.0 = Release|Any CPU
		{F8F333B6-D4E8-48FD-A336-B086150394AA}.Ad-Hoc|iPhone.Deploy.0 = Release|Any CPU
		{F8F333B6-D4E8-48FD-A336-B086150394AA}.Ad-Hoc|iPhoneSimulator.ActiveCfg = Release|Any CPU
		{F8F333B6-D4E8-48FD-A336-B086150394AA}.Ad-Hoc|iPhoneSimulator.Build.0 = Release|Any CPU
		{F8F333B6-D4E8-48FD-A336-B086150394AA}.Ad-Hoc|iPhoneSimulator.Deploy.0 = Release|Any CPU
		{F8F333B6-D4E8-48FD-A336-B086150394AA}.Ad-Hoc|x64.ActiveCfg = Release|Any CPU
		{F8F333B6-D4E8-48FD-A336-B086150394AA}.Ad-Hoc|x64.Build.0 = Release|Any CPU
		{F8F333B6-D4E8-48FD-A336-B086150394AA}.Ad-Hoc|x64.Deploy.0 = Release|Any CPU
		{F8F333B6-D4E8-48FD-A336-B086150394AA}.Ad-Hoc|x86.ActiveCfg = Release|Any CPU
		{F8F333B6-D4E8-48FD-A336-B086150394AA}.Ad-Hoc|x86.Build.0 = Release|Any CPU
		{F8F333B6-D4E8-48FD-A336-B086150394AA}.Ad-Hoc|x86.Deploy.0 = Release|Any CPU
		{F8F333B6-D4E8-48FD-A336-B086150394AA}.AppStore|Any CPU.ActiveCfg = Release|Any CPU
		{F8F333B6-D4E8-48FD-A336-B086150394AA}.AppStore|Any CPU.Build.0 = Release|Any CPU
		{F8F333B6-D4E8-48FD-A336-B086150394AA}.AppStore|Any CPU.Deploy.0 = Release|Any CPU
		{F8F333B6-D4E8-48FD-A336-B086150394AA}.AppStore|ARM.ActiveCfg = Release|Any CPU
		{F8F333B6-D4E8-48FD-A336-B086150394AA}.AppStore|ARM.Build.0 = Release|Any CPU
		{F8F333B6-D4E8-48FD-A336-B086150394AA}.AppStore|ARM.Deploy.0 = Release|Any CPU
		{F8F333B6-D4E8-48FD-A336-B086150394AA}.AppStore|iPhone.ActiveCfg = Release|Any CPU
		{F8F333B6-D4E8-48FD-A336-B086150394AA}.AppStore|iPhone.Build.0 = Release|Any CPU
		{F8F333B6-D4E8-48FD-A336-B086150394AA}.AppStore|iPhone.Deploy.0 = Release|Any CPU
		{F8F333B6-D4E8-48FD-A336-B086150394AA}.AppStore|iPhoneSimulator.ActiveCfg = Release|Any CPU
		{F8F333B6-D4E8-48FD-A336-B086150394AA}.AppStore|iPhoneSimulator.Build.0 = Release|Any CPU
		{F8F333B6-D4E8-48FD-A336-B086150394AA}.AppStore|iPhoneSimulator.Deploy.0 = Release|Any CPU
		{F8F333B6-D4E8-48FD-A336-B086150394AA}.AppStore|x64.ActiveCfg = Release|Any CPU
		{F8F333B6-D4E8-48FD-A336-B086150394AA}.AppStore|x64.Build.0 = Release|Any CPU
		{F8F333B6-D4E8-48FD-A336-B086150394AA}.AppStore|x64.Deploy.0 = Release|Any CPU
		{F8F333B6-D4E8-48FD-A336-B086150394AA}.AppStore|x86.ActiveCfg = Release|Any CPU
		{F8F333B6-D4E8-48FD-A336-B086150394AA}.AppStore|x86.Build.0 = Release|Any CPU
		{F8F333B6-D4E8-48FD-A336-B086150394AA}.AppStore|x86.Deploy.0 = Release|Any CPU
		{F8F333B6-D4E8-48FD-A336-B086150394AA}.Debug|Any CPU.ActiveCfg = Debug|Any CPU
		{F8F333B6-D4E8-48FD-A336-B086150394AA}.Debug|Any CPU.Build.0 = Debug|Any CPU
		{F8F333B6-D4E8-48FD-A336-B086150394AA}.Debug|Any CPU.Deploy.0 = Debug|Any CPU
		{F8F333B6-D4E8-48FD-A336-B086150394AA}.Debug|ARM.ActiveCfg = Debug|Any CPU
		{F8F333B6-D4E8-48FD-A336-B086150394AA}.Debug|ARM.Build.0 = Debug|Any CPU
		{F8F333B6-D4E8-48FD-A336-B086150394AA}.Debug|ARM.Deploy.0 = Debug|Any CPU
		{F8F333B6-D4E8-48FD-A336-B086150394AA}.Debug|iPhone.ActiveCfg = Debug|Any CPU
		{F8F333B6-D4E8-48FD-A336-B086150394AA}.Debug|iPhone.Build.0 = Debug|Any CPU
		{F8F333B6-D4E8-48FD-A336-B086150394AA}.Debug|iPhone.Deploy.0 = Debug|Any CPU
		{F8F333B6-D4E8-48FD-A336-B086150394AA}.Debug|iPhoneSimulator.ActiveCfg = Debug|Any CPU
		{F8F333B6-D4E8-48FD-A336-B086150394AA}.Debug|iPhoneSimulator.Build.0 = Debug|Any CPU
		{F8F333B6-D4E8-48FD-A336-B086150394AA}.Debug|iPhoneSimulator.Deploy.0 = Debug|Any CPU
		{F8F333B6-D4E8-48FD-A336-B086150394AA}.Debug|x64.ActiveCfg = Debug|Any CPU
		{F8F333B6-D4E8-48FD-A336-B086150394AA}.Debug|x64.Build.0 = Debug|Any CPU
		{F8F333B6-D4E8-48FD-A336-B086150394AA}.Debug|x64.Deploy.0 = Debug|Any CPU
		{F8F333B6-D4E8-48FD-A336-B086150394AA}.Debug|x86.ActiveCfg = Debug|Any CPU
		{F8F333B6-D4E8-48FD-A336-B086150394AA}.Debug|x86.Build.0 = Debug|Any CPU
		{F8F333B6-D4E8-48FD-A336-B086150394AA}.Debug|x86.Deploy.0 = Debug|Any CPU
		{F8F333B6-D4E8-48FD-A336-B086150394AA}.Release|Any CPU.ActiveCfg = Release|Any CPU
		{F8F333B6-D4E8-48FD-A336-B086150394AA}.Release|Any CPU.Build.0 = Release|Any CPU
		{F8F333B6-D4E8-48FD-A336-B086150394AA}.Release|Any CPU.Deploy.0 = Release|Any CPU
		{F8F333B6-D4E8-48FD-A336-B086150394AA}.Release|ARM.ActiveCfg = Release|Any CPU
		{F8F333B6-D4E8-48FD-A336-B086150394AA}.Release|ARM.Build.0 = Release|Any CPU
		{F8F333B6-D4E8-48FD-A336-B086150394AA}.Release|ARM.Deploy.0 = Release|Any CPU
		{F8F333B6-D4E8-48FD-A336-B086150394AA}.Release|iPhone.ActiveCfg = Release|Any CPU
		{F8F333B6-D4E8-48FD-A336-B086150394AA}.Release|iPhone.Build.0 = Release|Any CPU
		{F8F333B6-D4E8-48FD-A336-B086150394AA}.Release|iPhone.Deploy.0 = Release|Any CPU
		{F8F333B6-D4E8-48FD-A336-B086150394AA}.Release|iPhoneSimulator.ActiveCfg = Release|Any CPU
		{F8F333B6-D4E8-48FD-A336-B086150394AA}.Release|iPhoneSimulator.Build.0 = Release|Any CPU
		{F8F333B6-D4E8-48FD-A336-B086150394AA}.Release|iPhoneSimulator.Deploy.0 = Release|Any CPU
		{F8F333B6-D4E8-48FD-A336-B086150394AA}.Release|x64.ActiveCfg = Release|Any CPU
		{F8F333B6-D4E8-48FD-A336-B086150394AA}.Release|x64.Build.0 = Release|Any CPU
		{F8F333B6-D4E8-48FD-A336-B086150394AA}.Release|x64.Deploy.0 = Release|Any CPU
		{F8F333B6-D4E8-48FD-A336-B086150394AA}.Release|x86.ActiveCfg = Release|Any CPU
		{F8F333B6-D4E8-48FD-A336-B086150394AA}.Release|x86.Build.0 = Release|Any CPU
		{F8F333B6-D4E8-48FD-A336-B086150394AA}.Release|x86.Deploy.0 = Release|Any CPU
		{35F0B0EB-E327-430A-B569-B39B41513260}.Ad-Hoc|Any CPU.ActiveCfg = Ad-Hoc|iPhone
		{35F0B0EB-E327-430A-B569-B39B41513260}.Ad-Hoc|Any CPU.Build.0 = Ad-Hoc|iPhone
		{35F0B0EB-E327-430A-B569-B39B41513260}.Ad-Hoc|Any CPU.Deploy.0 = Ad-Hoc|iPhone
		{35F0B0EB-E327-430A-B569-B39B41513260}.Ad-Hoc|ARM.ActiveCfg = Ad-Hoc|iPhone
		{35F0B0EB-E327-430A-B569-B39B41513260}.Ad-Hoc|ARM.Build.0 = Ad-Hoc|iPhone
		{35F0B0EB-E327-430A-B569-B39B41513260}.Ad-Hoc|ARM.Deploy.0 = Ad-Hoc|iPhone
		{35F0B0EB-E327-430A-B569-B39B41513260}.Ad-Hoc|iPhone.ActiveCfg = Ad-Hoc|iPhone
		{35F0B0EB-E327-430A-B569-B39B41513260}.Ad-Hoc|iPhone.Build.0 = Ad-Hoc|iPhone
		{35F0B0EB-E327-430A-B569-B39B41513260}.Ad-Hoc|iPhone.Deploy.0 = Ad-Hoc|iPhone
		{35F0B0EB-E327-430A-B569-B39B41513260}.Ad-Hoc|iPhoneSimulator.ActiveCfg = Ad-Hoc|iPhoneSimulator
		{35F0B0EB-E327-430A-B569-B39B41513260}.Ad-Hoc|iPhoneSimulator.Build.0 = Ad-Hoc|iPhoneSimulator
		{35F0B0EB-E327-430A-B569-B39B41513260}.Ad-Hoc|iPhoneSimulator.Deploy.0 = Ad-Hoc|iPhoneSimulator
		{35F0B0EB-E327-430A-B569-B39B41513260}.Ad-Hoc|x64.ActiveCfg = Ad-Hoc|iPhone
		{35F0B0EB-E327-430A-B569-B39B41513260}.Ad-Hoc|x64.Build.0 = Ad-Hoc|iPhone
		{35F0B0EB-E327-430A-B569-B39B41513260}.Ad-Hoc|x64.Deploy.0 = Ad-Hoc|iPhone
		{35F0B0EB-E327-430A-B569-B39B41513260}.Ad-Hoc|x86.ActiveCfg = Ad-Hoc|iPhone
		{35F0B0EB-E327-430A-B569-B39B41513260}.Ad-Hoc|x86.Build.0 = Ad-Hoc|iPhone
		{35F0B0EB-E327-430A-B569-B39B41513260}.Ad-Hoc|x86.Deploy.0 = Ad-Hoc|iPhone
		{35F0B0EB-E327-430A-B569-B39B41513260}.AppStore|Any CPU.ActiveCfg = AppStore|iPhone
		{35F0B0EB-E327-430A-B569-B39B41513260}.AppStore|Any CPU.Build.0 = AppStore|iPhone
		{35F0B0EB-E327-430A-B569-B39B41513260}.AppStore|Any CPU.Deploy.0 = AppStore|iPhone
		{35F0B0EB-E327-430A-B569-B39B41513260}.AppStore|ARM.ActiveCfg = AppStore|iPhone
		{35F0B0EB-E327-430A-B569-B39B41513260}.AppStore|ARM.Build.0 = AppStore|iPhone
		{35F0B0EB-E327-430A-B569-B39B41513260}.AppStore|ARM.Deploy.0 = AppStore|iPhone
		{35F0B0EB-E327-430A-B569-B39B41513260}.AppStore|iPhone.ActiveCfg = AppStore|iPhone
		{35F0B0EB-E327-430A-B569-B39B41513260}.AppStore|iPhone.Build.0 = AppStore|iPhone
		{35F0B0EB-E327-430A-B569-B39B41513260}.AppStore|iPhone.Deploy.0 = AppStore|iPhone
		{35F0B0EB-E327-430A-B569-B39B41513260}.AppStore|iPhoneSimulator.ActiveCfg = AppStore|iPhoneSimulator
		{35F0B0EB-E327-430A-B569-B39B41513260}.AppStore|iPhoneSimulator.Build.0 = AppStore|iPhoneSimulator
		{35F0B0EB-E327-430A-B569-B39B41513260}.AppStore|iPhoneSimulator.Deploy.0 = AppStore|iPhoneSimulator
		{35F0B0EB-E327-430A-B569-B39B41513260}.AppStore|x64.ActiveCfg = AppStore|iPhone
		{35F0B0EB-E327-430A-B569-B39B41513260}.AppStore|x64.Build.0 = AppStore|iPhone
		{35F0B0EB-E327-430A-B569-B39B41513260}.AppStore|x64.Deploy.0 = AppStore|iPhone
		{35F0B0EB-E327-430A-B569-B39B41513260}.AppStore|x86.ActiveCfg = AppStore|iPhone
		{35F0B0EB-E327-430A-B569-B39B41513260}.AppStore|x86.Build.0 = AppStore|iPhone
		{35F0B0EB-E327-430A-B569-B39B41513260}.AppStore|x86.Deploy.0 = AppStore|iPhone
		{35F0B0EB-E327-430A-B569-B39B41513260}.Debug|Any CPU.ActiveCfg = Debug|iPhoneSimulator
		{35F0B0EB-E327-430A-B569-B39B41513260}.Debug|Any CPU.Build.0 = Debug|iPhoneSimulator
		{35F0B0EB-E327-430A-B569-B39B41513260}.Debug|Any CPU.Deploy.0 = Debug|iPhoneSimulator
		{35F0B0EB-E327-430A-B569-B39B41513260}.Debug|ARM.ActiveCfg = Debug|iPhone
		{35F0B0EB-E327-430A-B569-B39B41513260}.Debug|ARM.Build.0 = Debug|iPhone
		{35F0B0EB-E327-430A-B569-B39B41513260}.Debug|ARM.Deploy.0 = Debug|iPhone
		{35F0B0EB-E327-430A-B569-B39B41513260}.Debug|iPhone.ActiveCfg = Debug|iPhone
		{35F0B0EB-E327-430A-B569-B39B41513260}.Debug|iPhone.Build.0 = Debug|iPhone
		{35F0B0EB-E327-430A-B569-B39B41513260}.Debug|iPhone.Deploy.0 = Debug|iPhone
		{35F0B0EB-E327-430A-B569-B39B41513260}.Debug|iPhoneSimulator.ActiveCfg = Debug|iPhoneSimulator
		{35F0B0EB-E327-430A-B569-B39B41513260}.Debug|iPhoneSimulator.Build.0 = Debug|iPhoneSimulator
		{35F0B0EB-E327-430A-B569-B39B41513260}.Debug|iPhoneSimulator.Deploy.0 = Debug|iPhoneSimulator
		{35F0B0EB-E327-430A-B569-B39B41513260}.Debug|x64.ActiveCfg = Debug|iPhone
		{35F0B0EB-E327-430A-B569-B39B41513260}.Debug|x64.Build.0 = Debug|iPhone
		{35F0B0EB-E327-430A-B569-B39B41513260}.Debug|x64.Deploy.0 = Debug|iPhone
		{35F0B0EB-E327-430A-B569-B39B41513260}.Debug|x86.ActiveCfg = Debug|iPhone
		{35F0B0EB-E327-430A-B569-B39B41513260}.Debug|x86.Build.0 = Debug|iPhone
		{35F0B0EB-E327-430A-B569-B39B41513260}.Debug|x86.Deploy.0 = Debug|iPhone
		{35F0B0EB-E327-430A-B569-B39B41513260}.Release|Any CPU.ActiveCfg = Release|iPhone
		{35F0B0EB-E327-430A-B569-B39B41513260}.Release|Any CPU.Build.0 = Release|iPhone
		{35F0B0EB-E327-430A-B569-B39B41513260}.Release|Any CPU.Deploy.0 = Release|iPhone
		{35F0B0EB-E327-430A-B569-B39B41513260}.Release|ARM.ActiveCfg = Release|iPhone
		{35F0B0EB-E327-430A-B569-B39B41513260}.Release|ARM.Build.0 = Release|iPhone
		{35F0B0EB-E327-430A-B569-B39B41513260}.Release|ARM.Deploy.0 = Release|iPhone
		{35F0B0EB-E327-430A-B569-B39B41513260}.Release|iPhone.ActiveCfg = Release|iPhone
		{35F0B0EB-E327-430A-B569-B39B41513260}.Release|iPhone.Build.0 = Release|iPhone
		{35F0B0EB-E327-430A-B569-B39B41513260}.Release|iPhone.Deploy.0 = Release|iPhone
		{35F0B0EB-E327-430A-B569-B39B41513260}.Release|iPhoneSimulator.ActiveCfg = Release|iPhoneSimulator
		{35F0B0EB-E327-430A-B569-B39B41513260}.Release|iPhoneSimulator.Build.0 = Release|iPhoneSimulator
		{35F0B0EB-E327-430A-B569-B39B41513260}.Release|iPhoneSimulator.Deploy.0 = Release|iPhoneSimulator
		{35F0B0EB-E327-430A-B569-B39B41513260}.Release|x64.ActiveCfg = Release|iPhone
		{35F0B0EB-E327-430A-B569-B39B41513260}.Release|x64.Build.0 = Release|iPhone
		{35F0B0EB-E327-430A-B569-B39B41513260}.Release|x64.Deploy.0 = Release|iPhone
		{35F0B0EB-E327-430A-B569-B39B41513260}.Release|x86.ActiveCfg = Release|iPhone
		{35F0B0EB-E327-430A-B569-B39B41513260}.Release|x86.Build.0 = Release|iPhone
		{35F0B0EB-E327-430A-B569-B39B41513260}.Release|x86.Deploy.0 = Release|iPhone
		{328F2B4F-823F-4FA7-B6C6-0E6F0A1E3CA5}.Ad-Hoc|Any CPU.ActiveCfg = Release|x86
		{328F2B4F-823F-4FA7-B6C6-0E6F0A1E3CA5}.Ad-Hoc|Any CPU.Build.0 = Release|x86
		{328F2B4F-823F-4FA7-B6C6-0E6F0A1E3CA5}.Ad-Hoc|Any CPU.Deploy.0 = Release|x86
		{328F2B4F-823F-4FA7-B6C6-0E6F0A1E3CA5}.Ad-Hoc|ARM.ActiveCfg = Release|ARM
		{328F2B4F-823F-4FA7-B6C6-0E6F0A1E3CA5}.Ad-Hoc|ARM.Build.0 = Release|ARM
		{328F2B4F-823F-4FA7-B6C6-0E6F0A1E3CA5}.Ad-Hoc|ARM.Deploy.0 = Release|ARM
		{328F2B4F-823F-4FA7-B6C6-0E6F0A1E3CA5}.Ad-Hoc|iPhone.ActiveCfg = Release|x86
		{328F2B4F-823F-4FA7-B6C6-0E6F0A1E3CA5}.Ad-Hoc|iPhone.Build.0 = Release|x86
		{328F2B4F-823F-4FA7-B6C6-0E6F0A1E3CA5}.Ad-Hoc|iPhone.Deploy.0 = Release|x86
		{328F2B4F-823F-4FA7-B6C6-0E6F0A1E3CA5}.Ad-Hoc|iPhoneSimulator.ActiveCfg = Release|x86
		{328F2B4F-823F-4FA7-B6C6-0E6F0A1E3CA5}.Ad-Hoc|iPhoneSimulator.Build.0 = Release|x86
		{328F2B4F-823F-4FA7-B6C6-0E6F0A1E3CA5}.Ad-Hoc|iPhoneSimulator.Deploy.0 = Release|x86
		{328F2B4F-823F-4FA7-B6C6-0E6F0A1E3CA5}.Ad-Hoc|x64.ActiveCfg = Release|x64
		{328F2B4F-823F-4FA7-B6C6-0E6F0A1E3CA5}.Ad-Hoc|x64.Build.0 = Release|x64
		{328F2B4F-823F-4FA7-B6C6-0E6F0A1E3CA5}.Ad-Hoc|x64.Deploy.0 = Release|x64
		{328F2B4F-823F-4FA7-B6C6-0E6F0A1E3CA5}.Ad-Hoc|x86.ActiveCfg = Release|x86
		{328F2B4F-823F-4FA7-B6C6-0E6F0A1E3CA5}.Ad-Hoc|x86.Build.0 = Release|x86
		{328F2B4F-823F-4FA7-B6C6-0E6F0A1E3CA5}.Ad-Hoc|x86.Deploy.0 = Release|x86
		{328F2B4F-823F-4FA7-B6C6-0E6F0A1E3CA5}.AppStore|Any CPU.ActiveCfg = Release|x86
		{328F2B4F-823F-4FA7-B6C6-0E6F0A1E3CA5}.AppStore|Any CPU.Build.0 = Release|x86
		{328F2B4F-823F-4FA7-B6C6-0E6F0A1E3CA5}.AppStore|Any CPU.Deploy.0 = Release|x86
		{328F2B4F-823F-4FA7-B6C6-0E6F0A1E3CA5}.AppStore|ARM.ActiveCfg = Release|ARM
		{328F2B4F-823F-4FA7-B6C6-0E6F0A1E3CA5}.AppStore|ARM.Build.0 = Release|ARM
		{328F2B4F-823F-4FA7-B6C6-0E6F0A1E3CA5}.AppStore|ARM.Deploy.0 = Release|ARM
		{328F2B4F-823F-4FA7-B6C6-0E6F0A1E3CA5}.AppStore|iPhone.ActiveCfg = Release|x86
		{328F2B4F-823F-4FA7-B6C6-0E6F0A1E3CA5}.AppStore|iPhone.Build.0 = Release|x86
		{328F2B4F-823F-4FA7-B6C6-0E6F0A1E3CA5}.AppStore|iPhone.Deploy.0 = Release|x86
		{328F2B4F-823F-4FA7-B6C6-0E6F0A1E3CA5}.AppStore|iPhoneSimulator.ActiveCfg = Release|x86
		{328F2B4F-823F-4FA7-B6C6-0E6F0A1E3CA5}.AppStore|iPhoneSimulator.Build.0 = Release|x86
		{328F2B4F-823F-4FA7-B6C6-0E6F0A1E3CA5}.AppStore|iPhoneSimulator.Deploy.0 = Release|x86
		{328F2B4F-823F-4FA7-B6C6-0E6F0A1E3CA5}.AppStore|x64.ActiveCfg = Release|x64
		{328F2B4F-823F-4FA7-B6C6-0E6F0A1E3CA5}.AppStore|x64.Build.0 = Release|x64
		{328F2B4F-823F-4FA7-B6C6-0E6F0A1E3CA5}.AppStore|x64.Deploy.0 = Release|x64
		{328F2B4F-823F-4FA7-B6C6-0E6F0A1E3CA5}.AppStore|x86.ActiveCfg = Release|x86
		{328F2B4F-823F-4FA7-B6C6-0E6F0A1E3CA5}.AppStore|x86.Build.0 = Release|x86
		{328F2B4F-823F-4FA7-B6C6-0E6F0A1E3CA5}.AppStore|x86.Deploy.0 = Release|x86
		{328F2B4F-823F-4FA7-B6C6-0E6F0A1E3CA5}.Debug|Any CPU.ActiveCfg = Debug|x86
		{328F2B4F-823F-4FA7-B6C6-0E6F0A1E3CA5}.Debug|Any CPU.Build.0 = Debug|x86
		{328F2B4F-823F-4FA7-B6C6-0E6F0A1E3CA5}.Debug|Any CPU.Deploy.0 = Debug|x86
		{328F2B4F-823F-4FA7-B6C6-0E6F0A1E3CA5}.Debug|ARM.ActiveCfg = Debug|ARM
		{328F2B4F-823F-4FA7-B6C6-0E6F0A1E3CA5}.Debug|ARM.Build.0 = Debug|ARM
		{328F2B4F-823F-4FA7-B6C6-0E6F0A1E3CA5}.Debug|ARM.Deploy.0 = Debug|ARM
		{328F2B4F-823F-4FA7-B6C6-0E6F0A1E3CA5}.Debug|iPhone.ActiveCfg = Debug|x86
		{328F2B4F-823F-4FA7-B6C6-0E6F0A1E3CA5}.Debug|iPhone.Build.0 = Debug|x86
		{328F2B4F-823F-4FA7-B6C6-0E6F0A1E3CA5}.Debug|iPhone.Deploy.0 = Debug|x86
		{328F2B4F-823F-4FA7-B6C6-0E6F0A1E3CA5}.Debug|iPhoneSimulator.ActiveCfg = Debug|x86
		{328F2B4F-823F-4FA7-B6C6-0E6F0A1E3CA5}.Debug|iPhoneSimulator.Build.0 = Debug|x86
		{328F2B4F-823F-4FA7-B6C6-0E6F0A1E3CA5}.Debug|iPhoneSimulator.Deploy.0 = Debug|x86
		{328F2B4F-823F-4FA7-B6C6-0E6F0A1E3CA5}.Debug|x64.ActiveCfg = Debug|x64
		{328F2B4F-823F-4FA7-B6C6-0E6F0A1E3CA5}.Debug|x64.Build.0 = Debug|x64
		{328F2B4F-823F-4FA7-B6C6-0E6F0A1E3CA5}.Debug|x64.Deploy.0 = Debug|x64
		{328F2B4F-823F-4FA7-B6C6-0E6F0A1E3CA5}.Debug|x86.ActiveCfg = Debug|x86
		{328F2B4F-823F-4FA7-B6C6-0E6F0A1E3CA5}.Debug|x86.Build.0 = Debug|x86
		{328F2B4F-823F-4FA7-B6C6-0E6F0A1E3CA5}.Debug|x86.Deploy.0 = Debug|x86
		{328F2B4F-823F-4FA7-B6C6-0E6F0A1E3CA5}.Release|Any CPU.ActiveCfg = Release|x86
		{328F2B4F-823F-4FA7-B6C6-0E6F0A1E3CA5}.Release|Any CPU.Build.0 = Release|x86
		{328F2B4F-823F-4FA7-B6C6-0E6F0A1E3CA5}.Release|Any CPU.Deploy.0 = Release|x86
		{328F2B4F-823F-4FA7-B6C6-0E6F0A1E3CA5}.Release|ARM.ActiveCfg = Release|ARM
		{328F2B4F-823F-4FA7-B6C6-0E6F0A1E3CA5}.Release|ARM.Build.0 = Release|ARM
		{328F2B4F-823F-4FA7-B6C6-0E6F0A1E3CA5}.Release|ARM.Deploy.0 = Release|ARM
		{328F2B4F-823F-4FA7-B6C6-0E6F0A1E3CA5}.Release|iPhone.ActiveCfg = Release|x86
		{328F2B4F-823F-4FA7-B6C6-0E6F0A1E3CA5}.Release|iPhone.Build.0 = Release|x86
		{328F2B4F-823F-4FA7-B6C6-0E6F0A1E3CA5}.Release|iPhone.Deploy.0 = Release|x86
		{328F2B4F-823F-4FA7-B6C6-0E6F0A1E3CA5}.Release|iPhoneSimulator.ActiveCfg = Release|x86
		{328F2B4F-823F-4FA7-B6C6-0E6F0A1E3CA5}.Release|iPhoneSimulator.Build.0 = Release|x86
		{328F2B4F-823F-4FA7-B6C6-0E6F0A1E3CA5}.Release|iPhoneSimulator.Deploy.0 = Release|x86
		{328F2B4F-823F-4FA7-B6C6-0E6F0A1E3CA5}.Release|x64.ActiveCfg = Release|x64
		{328F2B4F-823F-4FA7-B6C6-0E6F0A1E3CA5}.Release|x64.Build.0 = Release|x64
		{328F2B4F-823F-4FA7-B6C6-0E6F0A1E3CA5}.Release|x64.Deploy.0 = Release|x64
		{328F2B4F-823F-4FA7-B6C6-0E6F0A1E3CA5}.Release|x86.ActiveCfg = Release|x86
		{328F2B4F-823F-4FA7-B6C6-0E6F0A1E3CA5}.Release|x86.Build.0 = Release|x86
		{328F2B4F-823F-4FA7-B6C6-0E6F0A1E3CA5}.Release|x86.Deploy.0 = Release|x86
		{DFCB9DC8-6671-40EF-8BB1-99220567A585}.Ad-Hoc|Any CPU.ActiveCfg = Debug|Any CPU
		{DFCB9DC8-6671-40EF-8BB1-99220567A585}.Ad-Hoc|Any CPU.Build.0 = Debug|Any CPU
		{DFCB9DC8-6671-40EF-8BB1-99220567A585}.Ad-Hoc|Any CPU.Deploy.0 = Debug|Any CPU
		{DFCB9DC8-6671-40EF-8BB1-99220567A585}.Ad-Hoc|ARM.ActiveCfg = Debug|Any CPU
		{DFCB9DC8-6671-40EF-8BB1-99220567A585}.Ad-Hoc|ARM.Build.0 = Debug|Any CPU
		{DFCB9DC8-6671-40EF-8BB1-99220567A585}.Ad-Hoc|ARM.Deploy.0 = Debug|Any CPU
		{DFCB9DC8-6671-40EF-8BB1-99220567A585}.Ad-Hoc|iPhone.ActiveCfg = Debug|Any CPU
		{DFCB9DC8-6671-40EF-8BB1-99220567A585}.Ad-Hoc|iPhone.Build.0 = Debug|Any CPU
		{DFCB9DC8-6671-40EF-8BB1-99220567A585}.Ad-Hoc|iPhone.Deploy.0 = Debug|Any CPU
		{DFCB9DC8-6671-40EF-8BB1-99220567A585}.Ad-Hoc|iPhoneSimulator.ActiveCfg = Debug|Any CPU
		{DFCB9DC8-6671-40EF-8BB1-99220567A585}.Ad-Hoc|iPhoneSimulator.Build.0 = Debug|Any CPU
		{DFCB9DC8-6671-40EF-8BB1-99220567A585}.Ad-Hoc|iPhoneSimulator.Deploy.0 = Debug|Any CPU
		{DFCB9DC8-6671-40EF-8BB1-99220567A585}.Ad-Hoc|x64.ActiveCfg = Debug|Any CPU
		{DFCB9DC8-6671-40EF-8BB1-99220567A585}.Ad-Hoc|x64.Build.0 = Debug|Any CPU
		{DFCB9DC8-6671-40EF-8BB1-99220567A585}.Ad-Hoc|x64.Deploy.0 = Debug|Any CPU
		{DFCB9DC8-6671-40EF-8BB1-99220567A585}.Ad-Hoc|x86.ActiveCfg = Debug|Any CPU
		{DFCB9DC8-6671-40EF-8BB1-99220567A585}.Ad-Hoc|x86.Build.0 = Debug|Any CPU
		{DFCB9DC8-6671-40EF-8BB1-99220567A585}.Ad-Hoc|x86.Deploy.0 = Debug|Any CPU
		{DFCB9DC8-6671-40EF-8BB1-99220567A585}.AppStore|Any CPU.ActiveCfg = Debug|Any CPU
		{DFCB9DC8-6671-40EF-8BB1-99220567A585}.AppStore|Any CPU.Build.0 = Debug|Any CPU
		{DFCB9DC8-6671-40EF-8BB1-99220567A585}.AppStore|Any CPU.Deploy.0 = Debug|Any CPU
		{DFCB9DC8-6671-40EF-8BB1-99220567A585}.AppStore|ARM.ActiveCfg = Debug|Any CPU
		{DFCB9DC8-6671-40EF-8BB1-99220567A585}.AppStore|ARM.Build.0 = Debug|Any CPU
		{DFCB9DC8-6671-40EF-8BB1-99220567A585}.AppStore|ARM.Deploy.0 = Debug|Any CPU
		{DFCB9DC8-6671-40EF-8BB1-99220567A585}.AppStore|iPhone.ActiveCfg = Debug|Any CPU
		{DFCB9DC8-6671-40EF-8BB1-99220567A585}.AppStore|iPhone.Build.0 = Debug|Any CPU
		{DFCB9DC8-6671-40EF-8BB1-99220567A585}.AppStore|iPhone.Deploy.0 = Debug|Any CPU
		{DFCB9DC8-6671-40EF-8BB1-99220567A585}.AppStore|iPhoneSimulator.ActiveCfg = Debug|Any CPU
		{DFCB9DC8-6671-40EF-8BB1-99220567A585}.AppStore|iPhoneSimulator.Build.0 = Debug|Any CPU
		{DFCB9DC8-6671-40EF-8BB1-99220567A585}.AppStore|iPhoneSimulator.Deploy.0 = Debug|Any CPU
		{DFCB9DC8-6671-40EF-8BB1-99220567A585}.AppStore|x64.ActiveCfg = Debug|Any CPU
		{DFCB9DC8-6671-40EF-8BB1-99220567A585}.AppStore|x64.Build.0 = Debug|Any CPU
		{DFCB9DC8-6671-40EF-8BB1-99220567A585}.AppStore|x64.Deploy.0 = Debug|Any CPU
		{DFCB9DC8-6671-40EF-8BB1-99220567A585}.AppStore|x86.ActiveCfg = Debug|Any CPU
		{DFCB9DC8-6671-40EF-8BB1-99220567A585}.AppStore|x86.Build.0 = Debug|Any CPU
		{DFCB9DC8-6671-40EF-8BB1-99220567A585}.AppStore|x86.Deploy.0 = Debug|Any CPU
		{DFCB9DC8-6671-40EF-8BB1-99220567A585}.Debug|Any CPU.ActiveCfg = Debug|Any CPU
		{DFCB9DC8-6671-40EF-8BB1-99220567A585}.Debug|Any CPU.Build.0 = Debug|Any CPU
		{DFCB9DC8-6671-40EF-8BB1-99220567A585}.Debug|Any CPU.Deploy.0 = Debug|Any CPU
		{DFCB9DC8-6671-40EF-8BB1-99220567A585}.Debug|ARM.ActiveCfg = Debug|Any CPU
		{DFCB9DC8-6671-40EF-8BB1-99220567A585}.Debug|ARM.Build.0 = Debug|Any CPU
		{DFCB9DC8-6671-40EF-8BB1-99220567A585}.Debug|ARM.Deploy.0 = Debug|Any CPU
		{DFCB9DC8-6671-40EF-8BB1-99220567A585}.Debug|iPhone.ActiveCfg = Debug|Any CPU
		{DFCB9DC8-6671-40EF-8BB1-99220567A585}.Debug|iPhone.Build.0 = Debug|Any CPU
		{DFCB9DC8-6671-40EF-8BB1-99220567A585}.Debug|iPhone.Deploy.0 = Debug|Any CPU
		{DFCB9DC8-6671-40EF-8BB1-99220567A585}.Debug|iPhoneSimulator.ActiveCfg = Debug|Any CPU
		{DFCB9DC8-6671-40EF-8BB1-99220567A585}.Debug|iPhoneSimulator.Build.0 = Debug|Any CPU
		{DFCB9DC8-6671-40EF-8BB1-99220567A585}.Debug|iPhoneSimulator.Deploy.0 = Debug|Any CPU
		{DFCB9DC8-6671-40EF-8BB1-99220567A585}.Debug|x64.ActiveCfg = Debug|Any CPU
		{DFCB9DC8-6671-40EF-8BB1-99220567A585}.Debug|x64.Build.0 = Debug|Any CPU
		{DFCB9DC8-6671-40EF-8BB1-99220567A585}.Debug|x64.Deploy.0 = Debug|Any CPU
		{DFCB9DC8-6671-40EF-8BB1-99220567A585}.Debug|x86.ActiveCfg = Debug|Any CPU
		{DFCB9DC8-6671-40EF-8BB1-99220567A585}.Debug|x86.Build.0 = Debug|Any CPU
		{DFCB9DC8-6671-40EF-8BB1-99220567A585}.Debug|x86.Deploy.0 = Debug|Any CPU
		{DFCB9DC8-6671-40EF-8BB1-99220567A585}.Release|Any CPU.ActiveCfg = Release|Any CPU
		{DFCB9DC8-6671-40EF-8BB1-99220567A585}.Release|Any CPU.Build.0 = Release|Any CPU
		{DFCB9DC8-6671-40EF-8BB1-99220567A585}.Release|Any CPU.Deploy.0 = Release|Any CPU
		{DFCB9DC8-6671-40EF-8BB1-99220567A585}.Release|ARM.ActiveCfg = Release|Any CPU
		{DFCB9DC8-6671-40EF-8BB1-99220567A585}.Release|ARM.Build.0 = Release|Any CPU
		{DFCB9DC8-6671-40EF-8BB1-99220567A585}.Release|ARM.Deploy.0 = Release|Any CPU
		{DFCB9DC8-6671-40EF-8BB1-99220567A585}.Release|iPhone.ActiveCfg = Release|Any CPU
		{DFCB9DC8-6671-40EF-8BB1-99220567A585}.Release|iPhone.Build.0 = Release|Any CPU
		{DFCB9DC8-6671-40EF-8BB1-99220567A585}.Release|iPhone.Deploy.0 = Release|Any CPU
		{DFCB9DC8-6671-40EF-8BB1-99220567A585}.Release|iPhoneSimulator.ActiveCfg = Release|Any CPU
		{DFCB9DC8-6671-40EF-8BB1-99220567A585}.Release|iPhoneSimulator.Build.0 = Release|Any CPU
		{DFCB9DC8-6671-40EF-8BB1-99220567A585}.Release|iPhoneSimulator.Deploy.0 = Release|Any CPU
		{DFCB9DC8-6671-40EF-8BB1-99220567A585}.Release|x64.ActiveCfg = Release|Any CPU
		{DFCB9DC8-6671-40EF-8BB1-99220567A585}.Release|x64.Build.0 = Release|Any CPU
		{DFCB9DC8-6671-40EF-8BB1-99220567A585}.Release|x64.Deploy.0 = Release|Any CPU
		{DFCB9DC8-6671-40EF-8BB1-99220567A585}.Release|x86.ActiveCfg = Release|Any CPU
		{DFCB9DC8-6671-40EF-8BB1-99220567A585}.Release|x86.Build.0 = Release|Any CPU
		{DFCB9DC8-6671-40EF-8BB1-99220567A585}.Release|x86.Deploy.0 = Release|Any CPU
	EndGlobalSection
	GlobalSection(SolutionProperties) = preSolution
		HideSolutionNode = FALSE
	EndGlobalSection
	GlobalSection(ExtensibilityGlobals) = postSolution
		SolutionGuid = {C31C5FCF-2CB4-4101-B041-740E0DC1C9F5}
	EndGlobalSection
EndGlobal
